
Microsoft Visual Studio Solution File, Format Version 12.00
# Visual Studio Express 2013 for Web
VisualStudioVersion = 12.0.30723.0
MinimumVisualStudioVersion = 10.0.40219.1
Project("{FAE04EC0-301F-11D3-BF4B-00C04F79EFBC}") = "TeqHub", "TeqHub\TeqHub.csproj", "{3909B82E-1D4E-4486-B119-EFB669C3CBA0}"
EndProject
Project("{2150E333-8FDC-42A3-9474-1A3956D46DE8}") = "PublishScripts", "PublishScripts", "{894AFB7C-7C66-48CC-ACDD-11BEA48A3693}"
	ProjectSection(SolutionItems) = preProject
		PublishScripts\AzureWebsitePublishModule.psm1 = PublishScripts\AzureWebsitePublishModule.psm1
		PublishScripts\Publish-WebApplicationWebsite.ps1 = PublishScripts\Publish-WebApplicationWebsite.ps1
	EndProjectSection
EndProject
Project("{2150E333-8FDC-42A3-9474-1A3956D46DE8}") = "Configurations", "Configurations", "{DA136552-7099-4D65-9DCE-3CC0C3E94A34}"
	ProjectSection(SolutionItems) = preProject
		PublishScripts\Configurations\TeqHub-WAWS-dev.json = PublishScripts\Configurations\TeqHub-WAWS-dev.json
	EndProjectSection
EndProject
Global
	GlobalSection(SolutionConfigurationPlatforms) = preSolution
		Debug|Any CPU = Debug|Any CPU
		Release|Any CPU = Release|Any CPU
	EndGlobalSection
	GlobalSection(ProjectConfigurationPlatforms) = postSolution
		{3909B82E-1D4E-4486-B119-EFB669C3CBA0}.Debug|Any CPU.ActiveCfg = Debug|Any CPU
		{3909B82E-1D4E-4486-B119-EFB669C3CBA0}.Debug|Any CPU.Build.0 = Debug|Any CPU
		{3909B82E-1D4E-4486-B119-EFB669C3CBA0}.Release|Any CPU.ActiveCfg = Release|Any CPU
		{3909B82E-1D4E-4486-B119-EFB669C3CBA0}.Release|Any CPU.Build.0 = Release|Any CPU
	EndGlobalSection
	GlobalSection(SolutionProperties) = preSolution
		HideSolutionNode = FALSE
	EndGlobalSection
	GlobalSection(NestedProjects) = preSolution
		{DA136552-7099-4D65-9DCE-3CC0C3E94A34} = {894AFB7C-7C66-48CC-ACDD-11BEA48A3693}
	EndGlobalSection
EndGlobal
